
Microsoft Visual Studio Solution File, Format Version 12.00
# Visual Studio Version 17
VisualStudioVersion = 17.7.33808.371
MinimumVisualStudioVersion = 10.0.40219.1
Project("{2150E333-8FDC-42A3-9474-1A3956D46DE8}") = "Lib", "Lib", "{927339DD-BB50-4F1F-8D59-EC1742822C28}"
EndProject
Project("{9A19103F-16F7-4668-BE54-9A1E7A4F7556}") = "App", "src\HyPlayer.App\App.csproj", "{BF29D788-1F10-4325-9E48-A580EF8063AD}"
EndProject
Project("{9A19103F-16F7-4668-BE54-9A1E7A4F7556}") = "NAudioAudioService", "src\Lib\NAudioAudioService\NAudioAudioService.csproj", "{5B24BF75-58C0-426B-BF35-F44AAFDA234E}"
EndProject
Project("{C7167F0D-BC9F-4E6E-AFE1-012C56B48DB5}") = "HyPlayer.Package", "src\HyPlayer.Package\HyPlayer.Package.wapproj", "{07470380-3B29-4B67-A63D-F12BFE9286F1}"
EndProject
Project("{FAE04EC0-301F-11D3-BF4B-00C04F79EFBC}") = "AudioGraphAudioService", "AudioGraphAudioService\AudioGraphAudioService.csproj", "{A23ACD92-578C-44F2-BB8A-A9E75AAAA8D0}"
EndProject
Global
	GlobalSection(SolutionConfigurationPlatforms) = preSolution
		Debug|Any CPU = Debug|Any CPU
		Debug|ARM = Debug|ARM
		Debug|ARM64 = Debug|ARM64
		Debug|x64 = Debug|x64
		Debug|x86 = Debug|x86
		Release|Any CPU = Release|Any CPU
		Release|ARM = Release|ARM
		Release|ARM64 = Release|ARM64
		Release|x64 = Release|x64
		Release|x86 = Release|x86
	EndGlobalSection
	GlobalSection(ProjectConfigurationPlatforms) = postSolution
		{BF29D788-1F10-4325-9E48-A580EF8063AD}.Debug|Any CPU.ActiveCfg = Debug|x64
		{BF29D788-1F10-4325-9E48-A580EF8063AD}.Debug|Any CPU.Build.0 = Debug|x64
		{BF29D788-1F10-4325-9E48-A580EF8063AD}.Debug|Any CPU.Deploy.0 = Debug|x64
		{BF29D788-1F10-4325-9E48-A580EF8063AD}.Debug|ARM.ActiveCfg = Debug|x64
		{BF29D788-1F10-4325-9E48-A580EF8063AD}.Debug|ARM.Build.0 = Debug|x64
		{BF29D788-1F10-4325-9E48-A580EF8063AD}.Debug|ARM.Deploy.0 = Debug|x64
		{BF29D788-1F10-4325-9E48-A580EF8063AD}.Debug|ARM64.ActiveCfg = Debug|ARM64
		{BF29D788-1F10-4325-9E48-A580EF8063AD}.Debug|ARM64.Build.0 = Debug|ARM64
		{BF29D788-1F10-4325-9E48-A580EF8063AD}.Debug|ARM64.Deploy.0 = Debug|ARM64
		{BF29D788-1F10-4325-9E48-A580EF8063AD}.Debug|x64.ActiveCfg = Debug|x64
		{BF29D788-1F10-4325-9E48-A580EF8063AD}.Debug|x64.Build.0 = Debug|x64
		{BF29D788-1F10-4325-9E48-A580EF8063AD}.Debug|x64.Deploy.0 = Debug|x64
		{BF29D788-1F10-4325-9E48-A580EF8063AD}.Debug|x86.ActiveCfg = Debug|x86
		{BF29D788-1F10-4325-9E48-A580EF8063AD}.Debug|x86.Build.0 = Debug|x86
		{BF29D788-1F10-4325-9E48-A580EF8063AD}.Debug|x86.Deploy.0 = Debug|x86
		{BF29D788-1F10-4325-9E48-A580EF8063AD}.Release|Any CPU.ActiveCfg = Release|x64
		{BF29D788-1F10-4325-9E48-A580EF8063AD}.Release|Any CPU.Build.0 = Release|x64
		{BF29D788-1F10-4325-9E48-A580EF8063AD}.Release|Any CPU.Deploy.0 = Release|x64
		{BF29D788-1F10-4325-9E48-A580EF8063AD}.Release|ARM.ActiveCfg = Release|x64
		{BF29D788-1F10-4325-9E48-A580EF8063AD}.Release|ARM.Build.0 = Release|x64
		{BF29D788-1F10-4325-9E48-A580EF8063AD}.Release|ARM.Deploy.0 = Release|x64
		{BF29D788-1F10-4325-9E48-A580EF8063AD}.Release|ARM64.ActiveCfg = Release|ARM64
		{BF29D788-1F10-4325-9E48-A580EF8063AD}.Release|ARM64.Build.0 = Release|ARM64
		{BF29D788-1F10-4325-9E48-A580EF8063AD}.Release|ARM64.Deploy.0 = Release|ARM64
		{BF29D788-1F10-4325-9E48-A580EF8063AD}.Release|x64.ActiveCfg = Release|x64
		{BF29D788-1F10-4325-9E48-A580EF8063AD}.Release|x64.Build.0 = Release|x64
		{BF29D788-1F10-4325-9E48-A580EF8063AD}.Release|x64.Deploy.0 = Release|x64
		{BF29D788-1F10-4325-9E48-A580EF8063AD}.Release|x86.ActiveCfg = Release|x86
		{BF29D788-1F10-4325-9E48-A580EF8063AD}.Release|x86.Build.0 = Release|x86
		{BF29D788-1F10-4325-9E48-A580EF8063AD}.Release|x86.Deploy.0 = Release|x86
		{5B24BF75-58C0-426B-BF35-F44AAFDA234E}.Debug|Any CPU.ActiveCfg = Debug|Any CPU
		{5B24BF75-58C0-426B-BF35-F44AAFDA234E}.Debug|Any CPU.Build.0 = Debug|Any CPU
		{5B24BF75-58C0-426B-BF35-F44AAFDA234E}.Debug|ARM.ActiveCfg = Debug|Any CPU
		{5B24BF75-58C0-426B-BF35-F44AAFDA234E}.Debug|ARM.Build.0 = Debug|Any CPU
		{5B24BF75-58C0-426B-BF35-F44AAFDA234E}.Debug|ARM64.ActiveCfg = Debug|Any CPU
		{5B24BF75-58C0-426B-BF35-F44AAFDA234E}.Debug|ARM64.Build.0 = Debug|Any CPU
		{5B24BF75-58C0-426B-BF35-F44AAFDA234E}.Debug|x64.ActiveCfg = Debug|Any CPU
		{5B24BF75-58C0-426B-BF35-F44AAFDA234E}.Debug|x64.Build.0 = Debug|Any CPU
		{5B24BF75-58C0-426B-BF35-F44AAFDA234E}.Debug|x86.ActiveCfg = Debug|Any CPU
		{5B24BF75-58C0-426B-BF35-F44AAFDA234E}.Debug|x86.Build.0 = Debug|Any CPU
		{5B24BF75-58C0-426B-BF35-F44AAFDA234E}.Release|Any CPU.ActiveCfg = Release|Any CPU
		{5B24BF75-58C0-426B-BF35-F44AAFDA234E}.Release|Any CPU.Build.0 = Release|Any CPU
		{5B24BF75-58C0-426B-BF35-F44AAFDA234E}.Release|ARM.ActiveCfg = Release|Any CPU
		{5B24BF75-58C0-426B-BF35-F44AAFDA234E}.Release|ARM.Build.0 = Release|Any CPU
		{5B24BF75-58C0-426B-BF35-F44AAFDA234E}.Release|ARM64.ActiveCfg = Release|Any CPU
		{5B24BF75-58C0-426B-BF35-F44AAFDA234E}.Release|ARM64.Build.0 = Release|Any CPU
		{5B24BF75-58C0-426B-BF35-F44AAFDA234E}.Release|x64.ActiveCfg = Release|Any CPU
		{5B24BF75-58C0-426B-BF35-F44AAFDA234E}.Release|x64.Build.0 = Release|Any CPU
		{5B24BF75-58C0-426B-BF35-F44AAFDA234E}.Release|x86.ActiveCfg = Release|Any CPU
		{5B24BF75-58C0-426B-BF35-F44AAFDA234E}.Release|x86.Build.0 = Release|Any CPU
		{07470380-3B29-4B67-A63D-F12BFE9286F1}.Debug|Any CPU.ActiveCfg = Debug|Any CPU
		{07470380-3B29-4B67-A63D-F12BFE9286F1}.Debug|Any CPU.Build.0 = Debug|Any CPU
		{07470380-3B29-4B67-A63D-F12BFE9286F1}.Debug|Any CPU.Deploy.0 = Debug|Any CPU
		{07470380-3B29-4B67-A63D-F12BFE9286F1}.Debug|ARM.ActiveCfg = Debug|ARM
		{07470380-3B29-4B67-A63D-F12BFE9286F1}.Debug|ARM.Build.0 = Debug|ARM
		{07470380-3B29-4B67-A63D-F12BFE9286F1}.Debug|ARM.Deploy.0 = Debug|ARM
		{07470380-3B29-4B67-A63D-F12BFE9286F1}.Debug|ARM64.ActiveCfg = Debug|ARM64
		{07470380-3B29-4B67-A63D-F12BFE9286F1}.Debug|ARM64.Build.0 = Debug|ARM64
		{07470380-3B29-4B67-A63D-F12BFE9286F1}.Debug|ARM64.Deploy.0 = Debug|ARM64
		{07470380-3B29-4B67-A63D-F12BFE9286F1}.Debug|x64.ActiveCfg = Debug|x64
		{07470380-3B29-4B67-A63D-F12BFE9286F1}.Debug|x64.Build.0 = Debug|x64
		{07470380-3B29-4B67-A63D-F12BFE9286F1}.Debug|x64.Deploy.0 = Debug|x64
		{07470380-3B29-4B67-A63D-F12BFE9286F1}.Debug|x86.ActiveCfg = Debug|x86
		{07470380-3B29-4B67-A63D-F12BFE9286F1}.Debug|x86.Build.0 = Debug|x86
		{07470380-3B29-4B67-A63D-F12BFE9286F1}.Debug|x86.Deploy.0 = Debug|x86
		{07470380-3B29-4B67-A63D-F12BFE9286F1}.Release|Any CPU.ActiveCfg = Release|Any CPU
		{07470380-3B29-4B67-A63D-F12BFE9286F1}.Release|Any CPU.Build.0 = Release|Any CPU
		{07470380-3B29-4B67-A63D-F12BFE9286F1}.Release|Any CPU.Deploy.0 = Release|Any CPU
		{07470380-3B29-4B67-A63D-F12BFE9286F1}.Release|ARM.ActiveCfg = Release|ARM
		{07470380-3B29-4B67-A63D-F12BFE9286F1}.Release|ARM.Build.0 = Release|ARM
		{07470380-3B29-4B67-A63D-F12BFE9286F1}.Release|ARM.Deploy.0 = Release|ARM
		{07470380-3B29-4B67-A63D-F12BFE9286F1}.Release|ARM64.ActiveCfg = Release|ARM64
		{07470380-3B29-4B67-A63D-F12BFE9286F1}.Release|ARM64.Build.0 = Release|ARM64
		{07470380-3B29-4B67-A63D-F12BFE9286F1}.Release|ARM64.Deploy.0 = Release|ARM64
		{07470380-3B29-4B67-A63D-F12BFE9286F1}.Release|x64.ActiveCfg = Release|x64
		{07470380-3B29-4B67-A63D-F12BFE9286F1}.Release|x64.Build.0 = Release|x64
		{07470380-3B29-4B67-A63D-F12BFE9286F1}.Release|x64.Deploy.0 = Release|x64
		{07470380-3B29-4B67-A63D-F12BFE9286F1}.Release|x86.ActiveCfg = Release|x86
		{07470380-3B29-4B67-A63D-F12BFE9286F1}.Release|x86.Build.0 = Release|x86
		{07470380-3B29-4B67-A63D-F12BFE9286F1}.Release|x86.Deploy.0 = Release|x86
		{A23ACD92-578C-44F2-BB8A-A9E75AAAA8D0}.Debug|Any CPU.ActiveCfg = Debug|Any CPU
		{A23ACD92-578C-44F2-BB8A-A9E75AAAA8D0}.Debug|Any CPU.Build.0 = Debug|Any CPU
		{A23ACD92-578C-44F2-BB8A-A9E75AAAA8D0}.Debug|ARM.ActiveCfg = Debug|Any CPU
		{A23ACD92-578C-44F2-BB8A-A9E75AAAA8D0}.Debug|ARM.Build.0 = Debug|Any CPU
		{A23ACD92-578C-44F2-BB8A-A9E75AAAA8D0}.Debug|ARM64.ActiveCfg = Debug|Any CPU
		{A23ACD92-578C-44F2-BB8A-A9E75AAAA8D0}.Debug|ARM64.Build.0 = Debug|Any CPU
		{A23ACD92-578C-44F2-BB8A-A9E75AAAA8D0}.Debug|x64.ActiveCfg = Debug|Any CPU
		{A23ACD92-578C-44F2-BB8A-A9E75AAAA8D0}.Debug|x64.Build.0 = Debug|Any CPU
		{A23ACD92-578C-44F2-BB8A-A9E75AAAA8D0}.Debug|x86.ActiveCfg = Debug|Any CPU
		{A23ACD92-578C-44F2-BB8A-A9E75AAAA8D0}.Debug|x86.Build.0 = Debug|Any CPU
		{A23ACD92-578C-44F2-BB8A-A9E75AAAA8D0}.Release|Any CPU.ActiveCfg = Release|Any CPU
		{A23ACD92-578C-44F2-BB8A-A9E75AAAA8D0}.Release|Any CPU.Build.0 = Release|Any CPU
		{A23ACD92-578C-44F2-BB8A-A9E75AAAA8D0}.Release|ARM.ActiveCfg = Release|Any CPU
		{A23ACD92-578C-44F2-BB8A-A9E75AAAA8D0}.Release|ARM.Build.0 = Release|Any CPU
		{A23ACD92-578C-44F2-BB8A-A9E75AAAA8D0}.Release|ARM64.ActiveCfg = Release|Any CPU
		{A23ACD92-578C-44F2-BB8A-A9E75AAAA8D0}.Release|ARM64.Build.0 = Release|Any CPU
		{A23ACD92-578C-44F2-BB8A-A9E75AAAA8D0}.Release|x64.ActiveCfg = Release|Any CPU
		{A23ACD92-578C-44F2-BB8A-A9E75AAAA8D0}.Release|x64.Build.0 = Release|Any CPU
		{A23ACD92-578C-44F2-BB8A-A9E75AAAA8D0}.Release|x86.ActiveCfg = Release|Any CPU
		{A23ACD92-578C-44F2-BB8A-A9E75AAAA8D0}.Release|x86.Build.0 = Release|Any CPU
	EndGlobalSection
	GlobalSection(SolutionProperties) = preSolution
		HideSolutionNode = FALSE
	EndGlobalSection
	GlobalSection(NestedProjects) = preSolution
		{5B24BF75-58C0-426B-BF35-F44AAFDA234E} = {927339DD-BB50-4F1F-8D59-EC1742822C28}
		{A23ACD92-578C-44F2-BB8A-A9E75AAAA8D0} = {927339DD-BB50-4F1F-8D59-EC1742822C28}
	EndGlobalSection
	GlobalSection(ExtensibilityGlobals) = postSolution
		SolutionGuid = {945313F6-7D3E-4659-92CA-8FCD1373E542}
	EndGlobalSection
EndGlobal
