
Microsoft Visual Studio Solution File, Format Version 12.00
# Visual Studio Version 17
VisualStudioVersion = 17.7.33808.371
MinimumVisualStudioVersion = 10.0.40219.1
Project("{C7167F0D-BC9F-4E6E-AFE1-012C56B48DB5}") = "HyPlayer.App.Package", "HyPlayer.App\HyPlayer.App.Package\HyPlayer.App.Package.wapproj", "{9FA44FFD-1453-4713-B9B9-7ED8ED4BCF11}"
EndProject
Project("{9A19103F-16F7-4668-BE54-9A1E7A4F7556}") = "App", "HyPlayer.App\HyPlayer.App\App.csproj", "{EE10E35A-560A-4043-927D-8ECF76AF74F3}"
EndProject
Project("{2150E333-8FDC-42A3-9474-1A3956D46DE8}") = "ViewModels", "ViewModels", "{8D031D54-BEA3-45E6-9AE8-34C4D0A5E55B}"
EndProject
Project("{9A19103F-16F7-4668-BE54-9A1E7A4F7556}") = "ViewModels.App", "ViewModels.App\ViewModels.App.csproj", "{A939E7A1-BFC0-43CB-B8F0-AAA164B35D08}"
EndProject
Project("{2150E333-8FDC-42A3-9474-1A3956D46DE8}") = "Models", "Models", "{E0D46985-EC1A-4535-8359-E6941ED4A3A3}"
EndProject
Project("{FAE04EC0-301F-11D3-BF4B-00C04F79EFBC}") = "Models.App", "Models.App\Models.App.csproj", "{1A4556E7-9038-4097-BDCC-7D31F531453F}"
EndProject
Global
	GlobalSection(SolutionConfigurationPlatforms) = preSolution
		Debug|Any CPU = Debug|Any CPU
		Debug|ARM64 = Debug|ARM64
		Debug|x64 = Debug|x64
		Debug|x86 = Debug|x86
		Release|Any CPU = Release|Any CPU
		Release|ARM64 = Release|ARM64
		Release|x64 = Release|x64
		Release|x86 = Release|x86
	EndGlobalSection
	GlobalSection(ProjectConfigurationPlatforms) = postSolution
		{9FA44FFD-1453-4713-B9B9-7ED8ED4BCF11}.Debug|Any CPU.ActiveCfg = Debug|x64
		{9FA44FFD-1453-4713-B9B9-7ED8ED4BCF11}.Debug|Any CPU.Build.0 = Debug|x64
		{9FA44FFD-1453-4713-B9B9-7ED8ED4BCF11}.Debug|Any CPU.Deploy.0 = Debug|x64
		{9FA44FFD-1453-4713-B9B9-7ED8ED4BCF11}.Debug|ARM64.ActiveCfg = Debug|ARM64
		{9FA44FFD-1453-4713-B9B9-7ED8ED4BCF11}.Debug|ARM64.Build.0 = Debug|ARM64
		{9FA44FFD-1453-4713-B9B9-7ED8ED4BCF11}.Debug|ARM64.Deploy.0 = Debug|ARM64
		{9FA44FFD-1453-4713-B9B9-7ED8ED4BCF11}.Debug|x64.ActiveCfg = Debug|x64
		{9FA44FFD-1453-4713-B9B9-7ED8ED4BCF11}.Debug|x64.Build.0 = Debug|x64
		{9FA44FFD-1453-4713-B9B9-7ED8ED4BCF11}.Debug|x64.Deploy.0 = Debug|x64
		{9FA44FFD-1453-4713-B9B9-7ED8ED4BCF11}.Debug|x86.ActiveCfg = Debug|x86
		{9FA44FFD-1453-4713-B9B9-7ED8ED4BCF11}.Debug|x86.Build.0 = Debug|x86
		{9FA44FFD-1453-4713-B9B9-7ED8ED4BCF11}.Debug|x86.Deploy.0 = Debug|x86
		{9FA44FFD-1453-4713-B9B9-7ED8ED4BCF11}.Release|Any CPU.ActiveCfg = Release|x64
		{9FA44FFD-1453-4713-B9B9-7ED8ED4BCF11}.Release|Any CPU.Build.0 = Release|x64
		{9FA44FFD-1453-4713-B9B9-7ED8ED4BCF11}.Release|Any CPU.Deploy.0 = Release|x64
		{9FA44FFD-1453-4713-B9B9-7ED8ED4BCF11}.Release|ARM64.ActiveCfg = Release|ARM64
		{9FA44FFD-1453-4713-B9B9-7ED8ED4BCF11}.Release|ARM64.Build.0 = Release|ARM64
		{9FA44FFD-1453-4713-B9B9-7ED8ED4BCF11}.Release|ARM64.Deploy.0 = Release|ARM64
		{9FA44FFD-1453-4713-B9B9-7ED8ED4BCF11}.Release|x64.ActiveCfg = Release|x64
		{9FA44FFD-1453-4713-B9B9-7ED8ED4BCF11}.Release|x64.Build.0 = Release|x64
		{9FA44FFD-1453-4713-B9B9-7ED8ED4BCF11}.Release|x64.Deploy.0 = Release|x64
		{9FA44FFD-1453-4713-B9B9-7ED8ED4BCF11}.Release|x86.ActiveCfg = Release|x86
		{9FA44FFD-1453-4713-B9B9-7ED8ED4BCF11}.Release|x86.Build.0 = Release|x86
		{9FA44FFD-1453-4713-B9B9-7ED8ED4BCF11}.Release|x86.Deploy.0 = Release|x86
		{EE10E35A-560A-4043-927D-8ECF76AF74F3}.Debug|Any CPU.ActiveCfg = Debug|x64
		{EE10E35A-560A-4043-927D-8ECF76AF74F3}.Debug|Any CPU.Build.0 = Debug|x64
		{EE10E35A-560A-4043-927D-8ECF76AF74F3}.Debug|ARM64.ActiveCfg = Debug|ARM64
		{EE10E35A-560A-4043-927D-8ECF76AF74F3}.Debug|ARM64.Build.0 = Debug|ARM64
		{EE10E35A-560A-4043-927D-8ECF76AF74F3}.Debug|x64.ActiveCfg = Debug|x64
		{EE10E35A-560A-4043-927D-8ECF76AF74F3}.Debug|x64.Build.0 = Debug|x64
		{EE10E35A-560A-4043-927D-8ECF76AF74F3}.Debug|x86.ActiveCfg = Debug|x86
		{EE10E35A-560A-4043-927D-8ECF76AF74F3}.Debug|x86.Build.0 = Debug|x86
		{EE10E35A-560A-4043-927D-8ECF76AF74F3}.Release|Any CPU.ActiveCfg = Release|x64
		{EE10E35A-560A-4043-927D-8ECF76AF74F3}.Release|Any CPU.Build.0 = Release|x64
		{EE10E35A-560A-4043-927D-8ECF76AF74F3}.Release|ARM64.ActiveCfg = Release|ARM64
		{EE10E35A-560A-4043-927D-8ECF76AF74F3}.Release|ARM64.Build.0 = Release|ARM64
		{EE10E35A-560A-4043-927D-8ECF76AF74F3}.Release|x64.ActiveCfg = Release|x64
		{EE10E35A-560A-4043-927D-8ECF76AF74F3}.Release|x64.Build.0 = Release|x64
		{EE10E35A-560A-4043-927D-8ECF76AF74F3}.Release|x86.ActiveCfg = Release|x86
		{EE10E35A-560A-4043-927D-8ECF76AF74F3}.Release|x86.Build.0 = Release|x86
		{A939E7A1-BFC0-43CB-B8F0-AAA164B35D08}.Debug|Any CPU.ActiveCfg = Debug|Any CPU
		{A939E7A1-BFC0-43CB-B8F0-AAA164B35D08}.Debug|Any CPU.Build.0 = Debug|Any CPU
		{A939E7A1-BFC0-43CB-B8F0-AAA164B35D08}.Debug|ARM64.ActiveCfg = Debug|Any CPU
		{A939E7A1-BFC0-43CB-B8F0-AAA164B35D08}.Debug|ARM64.Build.0 = Debug|Any CPU
		{A939E7A1-BFC0-43CB-B8F0-AAA164B35D08}.Debug|x64.ActiveCfg = Debug|Any CPU
		{A939E7A1-BFC0-43CB-B8F0-AAA164B35D08}.Debug|x64.Build.0 = Debug|Any CPU
		{A939E7A1-BFC0-43CB-B8F0-AAA164B35D08}.Debug|x86.ActiveCfg = Debug|Any CPU
		{A939E7A1-BFC0-43CB-B8F0-AAA164B35D08}.Debug|x86.Build.0 = Debug|Any CPU
		{A939E7A1-BFC0-43CB-B8F0-AAA164B35D08}.Release|Any CPU.ActiveCfg = Release|Any CPU
		{A939E7A1-BFC0-43CB-B8F0-AAA164B35D08}.Release|Any CPU.Build.0 = Release|Any CPU
		{A939E7A1-BFC0-43CB-B8F0-AAA164B35D08}.Release|ARM64.ActiveCfg = Release|Any CPU
		{A939E7A1-BFC0-43CB-B8F0-AAA164B35D08}.Release|ARM64.Build.0 = Release|Any CPU
		{A939E7A1-BFC0-43CB-B8F0-AAA164B35D08}.Release|x64.ActiveCfg = Release|Any CPU
		{A939E7A1-BFC0-43CB-B8F0-AAA164B35D08}.Release|x64.Build.0 = Release|Any CPU
		{A939E7A1-BFC0-43CB-B8F0-AAA164B35D08}.Release|x86.ActiveCfg = Release|Any CPU
		{A939E7A1-BFC0-43CB-B8F0-AAA164B35D08}.Release|x86.Build.0 = Release|Any CPU
		{1A4556E7-9038-4097-BDCC-7D31F531453F}.Debug|Any CPU.ActiveCfg = Debug|Any CPU
		{1A4556E7-9038-4097-BDCC-7D31F531453F}.Debug|Any CPU.Build.0 = Debug|Any CPU
		{1A4556E7-9038-4097-BDCC-7D31F531453F}.Debug|ARM64.ActiveCfg = Debug|Any CPU
		{1A4556E7-9038-4097-BDCC-7D31F531453F}.Debug|ARM64.Build.0 = Debug|Any CPU
		{1A4556E7-9038-4097-BDCC-7D31F531453F}.Debug|x64.ActiveCfg = Debug|Any CPU
		{1A4556E7-9038-4097-BDCC-7D31F531453F}.Debug|x64.Build.0 = Debug|Any CPU
		{1A4556E7-9038-4097-BDCC-7D31F531453F}.Debug|x86.ActiveCfg = Debug|Any CPU
		{1A4556E7-9038-4097-BDCC-7D31F531453F}.Debug|x86.Build.0 = Debug|Any CPU
		{1A4556E7-9038-4097-BDCC-7D31F531453F}.Release|Any CPU.ActiveCfg = Release|Any CPU
		{1A4556E7-9038-4097-BDCC-7D31F531453F}.Release|Any CPU.Build.0 = Release|Any CPU
		{1A4556E7-9038-4097-BDCC-7D31F531453F}.Release|ARM64.ActiveCfg = Release|Any CPU
		{1A4556E7-9038-4097-BDCC-7D31F531453F}.Release|ARM64.Build.0 = Release|Any CPU
		{1A4556E7-9038-4097-BDCC-7D31F531453F}.Release|x64.ActiveCfg = Release|Any CPU
		{1A4556E7-9038-4097-BDCC-7D31F531453F}.Release|x64.Build.0 = Release|Any CPU
		{1A4556E7-9038-4097-BDCC-7D31F531453F}.Release|x86.ActiveCfg = Release|Any CPU
		{1A4556E7-9038-4097-BDCC-7D31F531453F}.Release|x86.Build.0 = Release|Any CPU
	EndGlobalSection
	GlobalSection(SolutionProperties) = preSolution
		HideSolutionNode = FALSE
	EndGlobalSection
	GlobalSection(NestedProjects) = preSolution
		{A939E7A1-BFC0-43CB-B8F0-AAA164B35D08} = {8D031D54-BEA3-45E6-9AE8-34C4D0A5E55B}
		{1A4556E7-9038-4097-BDCC-7D31F531453F} = {E0D46985-EC1A-4535-8359-E6941ED4A3A3}
	EndGlobalSection
	GlobalSection(ExtensibilityGlobals) = postSolution
		SolutionGuid = {945313F6-7D3E-4659-92CA-8FCD1373E542}
	EndGlobalSection
EndGlobal
