
Microsoft Visual Studio Solution File, Format Version 12.00
# Visual Studio Version 17
VisualStudioVersion = 17.7.33808.371
MinimumVisualStudioVersion = 10.0.40219.1
Project("{2150E333-8FDC-42A3-9474-1A3956D46DE8}") = "Lib", "Lib", "{927339DD-BB50-4F1F-8D59-EC1742822C28}"
EndProject
Project("{9A19103F-16F7-4668-BE54-9A1E7A4F7556}") = "App", "src\HyPlayer.App\App.csproj", "{BF29D788-1F10-4325-9E48-A580EF8063AD}"
EndProject
Project("{C7167F0D-BC9F-4E6E-AFE1-012C56B48DB5}") = "HyPlayer.Package", "src\HyPlayer.Package\HyPlayer.Package.wapproj", "{07470380-3B29-4B67-A63D-F12BFE9286F1}"
EndProject
Project("{2150E333-8FDC-42A3-9474-1A3956D46DE8}") = "Src", "Src", "{35251F00-7CAB-427C-890B-D82297F82696}"
EndProject
Project("{2150E333-8FDC-42A3-9474-1A3956D46DE8}") = "Misc", "Misc", "{754EBB51-AC1E-470B-916C-B23D939D207E}"
	ProjectSection(SolutionItems) = preProject
		.editorconfig = .editorconfig
		.gitignore = .gitignore
		crowdin.yml = crowdin.yml
		global.json = global.json
		HyPlayer.App.sln.DotSettings = HyPlayer.App.sln.DotSettings
		LICENCE = LICENCE
		renovate.json = renovate.json
	EndProjectSection
EndProject
Project("{2150E333-8FDC-42A3-9474-1A3956D46DE8}") = "CI", "CI", "{8BA0CEFC-0100-4149-B117-99BDD044655E}"
	ProjectSection(SolutionItems) = preProject
		.github\workflows\crowdin-push.yml = .github\workflows\crowdin-push.yml
	EndProjectSection
EndProject
Project("{2150E333-8FDC-42A3-9474-1A3956D46DE8}") = "Doc", "Doc", "{3E0E180F-FA9A-4AF1-A46C-B9B0E88277EB}"
	ProjectSection(SolutionItems) = preProject
		CODE_OF_CONDUCT.md = CODE_OF_CONDUCT.md
		README.md = README.md
	EndProjectSection
EndProject
Project("{9A19103F-16F7-4668-BE54-9A1E7A4F7556}") = "HyPlayer.NeteaseApi", "refs\HyPlayer.NeteaseProvider\HyPlayer.NeteaseApi\HyPlayer.NeteaseApi.csproj", "{7DAB9149-40B8-4CA6-B1ED-9C571FC4D07C}"
EndProject
Project("{9A19103F-16F7-4668-BE54-9A1E7A4F7556}") = "HyPlayer.NeteaseProvider", "refs\HyPlayer.NeteaseProvider\HyPlayer.NeteaseProvider\HyPlayer.NeteaseProvider.csproj", "{06B6BE8F-DEF2-4BEC-A8D1-E512EB50C67E}"
EndProject
Project("{9A19103F-16F7-4668-BE54-9A1E7A4F7556}") = "HyPlayer.PlayCore", "refs\HyPlayer.PlayCore\HyPlayer.PlayCore\HyPlayer.PlayCore.csproj", "{1A1AFCD2-689B-4EE8-BCBF-323443A797ED}"
EndProject
Project("{9A19103F-16F7-4668-BE54-9A1E7A4F7556}") = "HyPlayer.PlayCore.Abstraction", "refs\HyPlayer.PlayCore\HyPlayer.PlayCore.Abstraction\HyPlayer.PlayCore.Abstraction.csproj", "{16CFFBB4-5597-496A-A5C5-8175E9F88393}"
EndProject
Global
	GlobalSection(SolutionConfigurationPlatforms) = preSolution
		Debug|Any CPU = Debug|Any CPU
		Debug|ARM = Debug|ARM
		Debug|ARM64 = Debug|ARM64
		Debug|x64 = Debug|x64
		Debug|x86 = Debug|x86
		Release|Any CPU = Release|Any CPU
		Release|ARM = Release|ARM
		Release|ARM64 = Release|ARM64
		Release|x64 = Release|x64
		Release|x86 = Release|x86
	EndGlobalSection
	GlobalSection(ProjectConfigurationPlatforms) = postSolution
		{BF29D788-1F10-4325-9E48-A580EF8063AD}.Debug|Any CPU.ActiveCfg = Debug|x64
		{BF29D788-1F10-4325-9E48-A580EF8063AD}.Debug|Any CPU.Build.0 = Debug|x64
		{BF29D788-1F10-4325-9E48-A580EF8063AD}.Debug|Any CPU.Deploy.0 = Debug|x64
		{BF29D788-1F10-4325-9E48-A580EF8063AD}.Debug|ARM.ActiveCfg = Debug|x64
		{BF29D788-1F10-4325-9E48-A580EF8063AD}.Debug|ARM.Build.0 = Debug|x64
		{BF29D788-1F10-4325-9E48-A580EF8063AD}.Debug|ARM.Deploy.0 = Debug|x64
		{BF29D788-1F10-4325-9E48-A580EF8063AD}.Debug|ARM64.ActiveCfg = Debug|ARM64
		{BF29D788-1F10-4325-9E48-A580EF8063AD}.Debug|ARM64.Build.0 = Debug|ARM64
		{BF29D788-1F10-4325-9E48-A580EF8063AD}.Debug|ARM64.Deploy.0 = Debug|ARM64
		{BF29D788-1F10-4325-9E48-A580EF8063AD}.Debug|x64.ActiveCfg = Debug|x64
		{BF29D788-1F10-4325-9E48-A580EF8063AD}.Debug|x64.Build.0 = Debug|x64
		{BF29D788-1F10-4325-9E48-A580EF8063AD}.Debug|x64.Deploy.0 = Debug|x64
		{BF29D788-1F10-4325-9E48-A580EF8063AD}.Debug|x86.ActiveCfg = Debug|x64
		{BF29D788-1F10-4325-9E48-A580EF8063AD}.Debug|x86.Build.0 = Debug|x64
		{BF29D788-1F10-4325-9E48-A580EF8063AD}.Debug|x86.Deploy.0 = Debug|x64
		{BF29D788-1F10-4325-9E48-A580EF8063AD}.Release|Any CPU.ActiveCfg = Release|x64
		{BF29D788-1F10-4325-9E48-A580EF8063AD}.Release|Any CPU.Build.0 = Release|x64
		{BF29D788-1F10-4325-9E48-A580EF8063AD}.Release|Any CPU.Deploy.0 = Release|x64
		{BF29D788-1F10-4325-9E48-A580EF8063AD}.Release|ARM.ActiveCfg = Release|x64
		{BF29D788-1F10-4325-9E48-A580EF8063AD}.Release|ARM.Build.0 = Release|x64
		{BF29D788-1F10-4325-9E48-A580EF8063AD}.Release|ARM.Deploy.0 = Release|x64
		{BF29D788-1F10-4325-9E48-A580EF8063AD}.Release|ARM64.ActiveCfg = Release|ARM64
		{BF29D788-1F10-4325-9E48-A580EF8063AD}.Release|ARM64.Build.0 = Release|ARM64
		{BF29D788-1F10-4325-9E48-A580EF8063AD}.Release|ARM64.Deploy.0 = Release|ARM64
		{BF29D788-1F10-4325-9E48-A580EF8063AD}.Release|x64.ActiveCfg = Release|x64
		{BF29D788-1F10-4325-9E48-A580EF8063AD}.Release|x64.Build.0 = Release|x64
		{BF29D788-1F10-4325-9E48-A580EF8063AD}.Release|x64.Deploy.0 = Release|x64
		{BF29D788-1F10-4325-9E48-A580EF8063AD}.Release|x86.ActiveCfg = Release|x64
		{BF29D788-1F10-4325-9E48-A580EF8063AD}.Release|x86.Build.0 = Release|x64
		{BF29D788-1F10-4325-9E48-A580EF8063AD}.Release|x86.Deploy.0 = Release|x64
		{07470380-3B29-4B67-A63D-F12BFE9286F1}.Debug|Any CPU.ActiveCfg = Debug|Any CPU
		{07470380-3B29-4B67-A63D-F12BFE9286F1}.Debug|Any CPU.Build.0 = Debug|Any CPU
		{07470380-3B29-4B67-A63D-F12BFE9286F1}.Debug|Any CPU.Deploy.0 = Debug|Any CPU
		{07470380-3B29-4B67-A63D-F12BFE9286F1}.Debug|ARM.ActiveCfg = Debug|ARM
		{07470380-3B29-4B67-A63D-F12BFE9286F1}.Debug|ARM.Build.0 = Debug|ARM
		{07470380-3B29-4B67-A63D-F12BFE9286F1}.Debug|ARM.Deploy.0 = Debug|ARM
		{07470380-3B29-4B67-A63D-F12BFE9286F1}.Debug|ARM64.ActiveCfg = Debug|ARM64
		{07470380-3B29-4B67-A63D-F12BFE9286F1}.Debug|ARM64.Build.0 = Debug|ARM64
		{07470380-3B29-4B67-A63D-F12BFE9286F1}.Debug|ARM64.Deploy.0 = Debug|ARM64
		{07470380-3B29-4B67-A63D-F12BFE9286F1}.Debug|x64.ActiveCfg = Debug|x64
		{07470380-3B29-4B67-A63D-F12BFE9286F1}.Debug|x64.Build.0 = Debug|x64
		{07470380-3B29-4B67-A63D-F12BFE9286F1}.Debug|x64.Deploy.0 = Debug|x64
		{07470380-3B29-4B67-A63D-F12BFE9286F1}.Debug|x86.ActiveCfg = Debug|x86
		{07470380-3B29-4B67-A63D-F12BFE9286F1}.Debug|x86.Build.0 = Debug|x86
		{07470380-3B29-4B67-A63D-F12BFE9286F1}.Debug|x86.Deploy.0 = Debug|x86
		{07470380-3B29-4B67-A63D-F12BFE9286F1}.Release|Any CPU.ActiveCfg = Release|Any CPU
		{07470380-3B29-4B67-A63D-F12BFE9286F1}.Release|Any CPU.Build.0 = Release|Any CPU
		{07470380-3B29-4B67-A63D-F12BFE9286F1}.Release|Any CPU.Deploy.0 = Release|Any CPU
		{07470380-3B29-4B67-A63D-F12BFE9286F1}.Release|ARM.ActiveCfg = Release|ARM
		{07470380-3B29-4B67-A63D-F12BFE9286F1}.Release|ARM.Build.0 = Release|ARM
		{07470380-3B29-4B67-A63D-F12BFE9286F1}.Release|ARM.Deploy.0 = Release|ARM
		{07470380-3B29-4B67-A63D-F12BFE9286F1}.Release|ARM64.ActiveCfg = Release|ARM64
		{07470380-3B29-4B67-A63D-F12BFE9286F1}.Release|ARM64.Build.0 = Release|ARM64
		{07470380-3B29-4B67-A63D-F12BFE9286F1}.Release|ARM64.Deploy.0 = Release|ARM64
		{07470380-3B29-4B67-A63D-F12BFE9286F1}.Release|x64.ActiveCfg = Release|x64
		{07470380-3B29-4B67-A63D-F12BFE9286F1}.Release|x64.Build.0 = Release|x64
		{07470380-3B29-4B67-A63D-F12BFE9286F1}.Release|x64.Deploy.0 = Release|x64
		{07470380-3B29-4B67-A63D-F12BFE9286F1}.Release|x86.ActiveCfg = Release|x86
		{07470380-3B29-4B67-A63D-F12BFE9286F1}.Release|x86.Build.0 = Release|x86
		{07470380-3B29-4B67-A63D-F12BFE9286F1}.Release|x86.Deploy.0 = Release|x86
		{7DAB9149-40B8-4CA6-B1ED-9C571FC4D07C}.Debug|Any CPU.ActiveCfg = Debug|Any CPU
		{7DAB9149-40B8-4CA6-B1ED-9C571FC4D07C}.Debug|Any CPU.Build.0 = Debug|Any CPU
		{7DAB9149-40B8-4CA6-B1ED-9C571FC4D07C}.Debug|ARM.ActiveCfg = Debug|Any CPU
		{7DAB9149-40B8-4CA6-B1ED-9C571FC4D07C}.Debug|ARM.Build.0 = Debug|Any CPU
		{7DAB9149-40B8-4CA6-B1ED-9C571FC4D07C}.Debug|ARM64.ActiveCfg = Debug|Any CPU
		{7DAB9149-40B8-4CA6-B1ED-9C571FC4D07C}.Debug|ARM64.Build.0 = Debug|Any CPU
		{7DAB9149-40B8-4CA6-B1ED-9C571FC4D07C}.Debug|x64.ActiveCfg = Debug|Any CPU
		{7DAB9149-40B8-4CA6-B1ED-9C571FC4D07C}.Debug|x64.Build.0 = Debug|Any CPU
		{7DAB9149-40B8-4CA6-B1ED-9C571FC4D07C}.Debug|x86.ActiveCfg = Debug|Any CPU
		{7DAB9149-40B8-4CA6-B1ED-9C571FC4D07C}.Debug|x86.Build.0 = Debug|Any CPU
		{7DAB9149-40B8-4CA6-B1ED-9C571FC4D07C}.Release|Any CPU.ActiveCfg = Release|Any CPU
		{7DAB9149-40B8-4CA6-B1ED-9C571FC4D07C}.Release|Any CPU.Build.0 = Release|Any CPU
		{7DAB9149-40B8-4CA6-B1ED-9C571FC4D07C}.Release|ARM.ActiveCfg = Release|Any CPU
		{7DAB9149-40B8-4CA6-B1ED-9C571FC4D07C}.Release|ARM.Build.0 = Release|Any CPU
		{7DAB9149-40B8-4CA6-B1ED-9C571FC4D07C}.Release|ARM64.ActiveCfg = Release|Any CPU
		{7DAB9149-40B8-4CA6-B1ED-9C571FC4D07C}.Release|ARM64.Build.0 = Release|Any CPU
		{7DAB9149-40B8-4CA6-B1ED-9C571FC4D07C}.Release|x64.ActiveCfg = Release|Any CPU
		{7DAB9149-40B8-4CA6-B1ED-9C571FC4D07C}.Release|x64.Build.0 = Release|Any CPU
		{7DAB9149-40B8-4CA6-B1ED-9C571FC4D07C}.Release|x86.ActiveCfg = Release|Any CPU
		{7DAB9149-40B8-4CA6-B1ED-9C571FC4D07C}.Release|x86.Build.0 = Release|Any CPU
		{06B6BE8F-DEF2-4BEC-A8D1-E512EB50C67E}.Debug|Any CPU.ActiveCfg = Debug|Any CPU
		{06B6BE8F-DEF2-4BEC-A8D1-E512EB50C67E}.Debug|Any CPU.Build.0 = Debug|Any CPU
		{06B6BE8F-DEF2-4BEC-A8D1-E512EB50C67E}.Debug|ARM.ActiveCfg = Debug|Any CPU
		{06B6BE8F-DEF2-4BEC-A8D1-E512EB50C67E}.Debug|ARM.Build.0 = Debug|Any CPU
		{06B6BE8F-DEF2-4BEC-A8D1-E512EB50C67E}.Debug|ARM64.ActiveCfg = Debug|Any CPU
		{06B6BE8F-DEF2-4BEC-A8D1-E512EB50C67E}.Debug|ARM64.Build.0 = Debug|Any CPU
		{06B6BE8F-DEF2-4BEC-A8D1-E512EB50C67E}.Debug|x64.ActiveCfg = Debug|Any CPU
		{06B6BE8F-DEF2-4BEC-A8D1-E512EB50C67E}.Debug|x64.Build.0 = Debug|Any CPU
		{06B6BE8F-DEF2-4BEC-A8D1-E512EB50C67E}.Debug|x86.ActiveCfg = Debug|Any CPU
		{06B6BE8F-DEF2-4BEC-A8D1-E512EB50C67E}.Debug|x86.Build.0 = Debug|Any CPU
		{06B6BE8F-DEF2-4BEC-A8D1-E512EB50C67E}.Release|Any CPU.ActiveCfg = Release|Any CPU
		{06B6BE8F-DEF2-4BEC-A8D1-E512EB50C67E}.Release|Any CPU.Build.0 = Release|Any CPU
		{06B6BE8F-DEF2-4BEC-A8D1-E512EB50C67E}.Release|ARM.ActiveCfg = Release|Any CPU
		{06B6BE8F-DEF2-4BEC-A8D1-E512EB50C67E}.Release|ARM.Build.0 = Release|Any CPU
		{06B6BE8F-DEF2-4BEC-A8D1-E512EB50C67E}.Release|ARM64.ActiveCfg = Release|Any CPU
		{06B6BE8F-DEF2-4BEC-A8D1-E512EB50C67E}.Release|ARM64.Build.0 = Release|Any CPU
		{06B6BE8F-DEF2-4BEC-A8D1-E512EB50C67E}.Release|x64.ActiveCfg = Release|Any CPU
		{06B6BE8F-DEF2-4BEC-A8D1-E512EB50C67E}.Release|x64.Build.0 = Release|Any CPU
		{06B6BE8F-DEF2-4BEC-A8D1-E512EB50C67E}.Release|x86.ActiveCfg = Release|Any CPU
		{06B6BE8F-DEF2-4BEC-A8D1-E512EB50C67E}.Release|x86.Build.0 = Release|Any CPU
		{1A1AFCD2-689B-4EE8-BCBF-323443A797ED}.Debug|Any CPU.ActiveCfg = Debug|Any CPU
		{1A1AFCD2-689B-4EE8-BCBF-323443A797ED}.Debug|Any CPU.Build.0 = Debug|Any CPU
		{1A1AFCD2-689B-4EE8-BCBF-323443A797ED}.Debug|ARM.ActiveCfg = Debug|Any CPU
		{1A1AFCD2-689B-4EE8-BCBF-323443A797ED}.Debug|ARM.Build.0 = Debug|Any CPU
		{1A1AFCD2-689B-4EE8-BCBF-323443A797ED}.Debug|ARM64.ActiveCfg = Debug|Any CPU
		{1A1AFCD2-689B-4EE8-BCBF-323443A797ED}.Debug|ARM64.Build.0 = Debug|Any CPU
		{1A1AFCD2-689B-4EE8-BCBF-323443A797ED}.Debug|x64.ActiveCfg = Debug|Any CPU
		{1A1AFCD2-689B-4EE8-BCBF-323443A797ED}.Debug|x64.Build.0 = Debug|Any CPU
		{1A1AFCD2-689B-4EE8-BCBF-323443A797ED}.Debug|x86.ActiveCfg = Debug|Any CPU
		{1A1AFCD2-689B-4EE8-BCBF-323443A797ED}.Debug|x86.Build.0 = Debug|Any CPU
		{1A1AFCD2-689B-4EE8-BCBF-323443A797ED}.Release|Any CPU.ActiveCfg = Release|Any CPU
		{1A1AFCD2-689B-4EE8-BCBF-323443A797ED}.Release|Any CPU.Build.0 = Release|Any CPU
		{1A1AFCD2-689B-4EE8-BCBF-323443A797ED}.Release|ARM.ActiveCfg = Release|Any CPU
		{1A1AFCD2-689B-4EE8-BCBF-323443A797ED}.Release|ARM.Build.0 = Release|Any CPU
		{1A1AFCD2-689B-4EE8-BCBF-323443A797ED}.Release|ARM64.ActiveCfg = Release|Any CPU
		{1A1AFCD2-689B-4EE8-BCBF-323443A797ED}.Release|ARM64.Build.0 = Release|Any CPU
		{1A1AFCD2-689B-4EE8-BCBF-323443A797ED}.Release|x64.ActiveCfg = Release|Any CPU
		{1A1AFCD2-689B-4EE8-BCBF-323443A797ED}.Release|x64.Build.0 = Release|Any CPU
		{1A1AFCD2-689B-4EE8-BCBF-323443A797ED}.Release|x86.ActiveCfg = Release|Any CPU
		{1A1AFCD2-689B-4EE8-BCBF-323443A797ED}.Release|x86.Build.0 = Release|Any CPU
		{16CFFBB4-5597-496A-A5C5-8175E9F88393}.Debug|Any CPU.ActiveCfg = Debug|Any CPU
		{16CFFBB4-5597-496A-A5C5-8175E9F88393}.Debug|Any CPU.Build.0 = Debug|Any CPU
		{16CFFBB4-5597-496A-A5C5-8175E9F88393}.Debug|ARM.ActiveCfg = Debug|Any CPU
		{16CFFBB4-5597-496A-A5C5-8175E9F88393}.Debug|ARM.Build.0 = Debug|Any CPU
		{16CFFBB4-5597-496A-A5C5-8175E9F88393}.Debug|ARM64.ActiveCfg = Debug|Any CPU
		{16CFFBB4-5597-496A-A5C5-8175E9F88393}.Debug|ARM64.Build.0 = Debug|Any CPU
		{16CFFBB4-5597-496A-A5C5-8175E9F88393}.Debug|x64.ActiveCfg = Debug|Any CPU
		{16CFFBB4-5597-496A-A5C5-8175E9F88393}.Debug|x64.Build.0 = Debug|Any CPU
		{16CFFBB4-5597-496A-A5C5-8175E9F88393}.Debug|x86.ActiveCfg = Debug|Any CPU
		{16CFFBB4-5597-496A-A5C5-8175E9F88393}.Debug|x86.Build.0 = Debug|Any CPU
		{16CFFBB4-5597-496A-A5C5-8175E9F88393}.Release|Any CPU.ActiveCfg = Release|Any CPU
		{16CFFBB4-5597-496A-A5C5-8175E9F88393}.Release|Any CPU.Build.0 = Release|Any CPU
		{16CFFBB4-5597-496A-A5C5-8175E9F88393}.Release|ARM.ActiveCfg = Release|Any CPU
		{16CFFBB4-5597-496A-A5C5-8175E9F88393}.Release|ARM.Build.0 = Release|Any CPU
		{16CFFBB4-5597-496A-A5C5-8175E9F88393}.Release|ARM64.ActiveCfg = Release|Any CPU
		{16CFFBB4-5597-496A-A5C5-8175E9F88393}.Release|ARM64.Build.0 = Release|Any CPU
		{16CFFBB4-5597-496A-A5C5-8175E9F88393}.Release|x64.ActiveCfg = Release|Any CPU
		{16CFFBB4-5597-496A-A5C5-8175E9F88393}.Release|x64.Build.0 = Release|Any CPU
		{16CFFBB4-5597-496A-A5C5-8175E9F88393}.Release|x86.ActiveCfg = Release|Any CPU
		{16CFFBB4-5597-496A-A5C5-8175E9F88393}.Release|x86.Build.0 = Release|Any CPU
	EndGlobalSection
	GlobalSection(SolutionProperties) = preSolution
		HideSolutionNode = FALSE
	EndGlobalSection
	GlobalSection(NestedProjects) = preSolution
		{BF29D788-1F10-4325-9E48-A580EF8063AD} = {35251F00-7CAB-427C-890B-D82297F82696}
		{8BA0CEFC-0100-4149-B117-99BDD044655E} = {754EBB51-AC1E-470B-916C-B23D939D207E}
		{3E0E180F-FA9A-4AF1-A46C-B9B0E88277EB} = {754EBB51-AC1E-470B-916C-B23D939D207E}
		{7DAB9149-40B8-4CA6-B1ED-9C571FC4D07C} = {927339DD-BB50-4F1F-8D59-EC1742822C28}
		{06B6BE8F-DEF2-4BEC-A8D1-E512EB50C67E} = {927339DD-BB50-4F1F-8D59-EC1742822C28}
		{1A1AFCD2-689B-4EE8-BCBF-323443A797ED} = {927339DD-BB50-4F1F-8D59-EC1742822C28}
		{16CFFBB4-5597-496A-A5C5-8175E9F88393} = {927339DD-BB50-4F1F-8D59-EC1742822C28}
	EndGlobalSection
	GlobalSection(ExtensibilityGlobals) = postSolution
		SolutionGuid = {945313F6-7D3E-4659-92CA-8FCD1373E542}
	EndGlobalSection
EndGlobal
