
Microsoft Visual Studio Solution File, Format Version 12.00
# Visual Studio Version 17
VisualStudioVersion = 17.8.34511.84
MinimumVisualStudioVersion = 10.0.40219.1
Project("{9A19103F-16F7-4668-BE54-9A1E7A4F7556}") = "HyPlayer.NeteaseProvider", "HyPlayer.NeteaseProvider\HyPlayer.NeteaseProvider.csproj", "{2A1F5677-BCAE-47E5-A681-5B346DED0D3A}"
EndProject
Project("{9A19103F-16F7-4668-BE54-9A1E7A4F7556}") = "HyPlayer.NeteaseProvider.Tests", "HyPlayer.NeteaseProvider.Tests\HyPlayer.NeteaseProvider.Tests.csproj", "{3F572439-149E-4303-AD35-1586EB27457D}"
EndProject
Project("{9A19103F-16F7-4668-BE54-9A1E7A4F7556}") = "HyPlayer.NeteaseApi", "HyPlayer.NeteaseApi\HyPlayer.NeteaseApi.csproj", "{1CE20045-FFA5-4CD0-B107-12F5579E288E}"
EndProject
Project("{9A19103F-16F7-4668-BE54-9A1E7A4F7556}") = "EasyDumper", "EasyDumper\EasyDumper.csproj", "{4F312716-14AD-4BC7-BD96-E3D398728809}"
EndProject
Global
	GlobalSection(SolutionConfigurationPlatforms) = preSolution
		Debug|Any CPU = Debug|Any CPU
		Release|Any CPU = Release|Any CPU
	EndGlobalSection
	GlobalSection(ProjectConfigurationPlatforms) = postSolution
		{2A1F5677-BCAE-47E5-A681-5B346DED0D3A}.Debug|Any CPU.ActiveCfg = Debug|Any CPU
		{2A1F5677-BCAE-47E5-A681-5B346DED0D3A}.Debug|Any CPU.Build.0 = Debug|Any CPU
		{2A1F5677-BCAE-47E5-A681-5B346DED0D3A}.Release|Any CPU.ActiveCfg = Release|Any CPU
		{2A1F5677-BCAE-47E5-A681-5B346DED0D3A}.Release|Any CPU.Build.0 = Release|Any CPU
		{3F572439-149E-4303-AD35-1586EB27457D}.Debug|Any CPU.ActiveCfg = Debug|Any CPU
		{3F572439-149E-4303-AD35-1586EB27457D}.Debug|Any CPU.Build.0 = Debug|Any CPU
		{3F572439-149E-4303-AD35-1586EB27457D}.Release|Any CPU.ActiveCfg = Release|Any CPU
		{3F572439-149E-4303-AD35-1586EB27457D}.Release|Any CPU.Build.0 = Release|Any CPU
		{1CE20045-FFA5-4CD0-B107-12F5579E288E}.Debug|Any CPU.ActiveCfg = Debug|Any CPU
		{1CE20045-FFA5-4CD0-B107-12F5579E288E}.Debug|Any CPU.Build.0 = Debug|Any CPU
		{1CE20045-FFA5-4CD0-B107-12F5579E288E}.Release|Any CPU.ActiveCfg = Release|Any CPU
		{1CE20045-FFA5-4CD0-B107-12F5579E288E}.Release|Any CPU.Build.0 = Release|Any CPU
		{4F312716-14AD-4BC7-BD96-E3D398728809}.Debug|Any CPU.ActiveCfg = Debug|Any CPU
		{4F312716-14AD-4BC7-BD96-E3D398728809}.Debug|Any CPU.Build.0 = Debug|Any CPU
		{4F312716-14AD-4BC7-BD96-E3D398728809}.Release|Any CPU.ActiveCfg = Release|Any CPU
		{4F312716-14AD-4BC7-BD96-E3D398728809}.Release|Any CPU.Build.0 = Release|Any CPU
	EndGlobalSection
	GlobalSection(SolutionProperties) = preSolution
		HideSolutionNode = FALSE
	EndGlobalSection
EndGlobal
